
Microsoft Visual Studio Solution File, Format Version 12.00
# Visual Studio Version 16
VisualStudioVersion = 16.0.31515.178
MinimumVisualStudioVersion = 10.0.40219.1
Project("{9A19103F-16F7-4668-BE54-9A1E7A4F7556}") = "PlanATech", "PlanATech\PlanATech.csproj", "{B1755026-DC3E-4DAE-9E37-011957F28311}"
EndProject
Project("{9A19103F-16F7-4668-BE54-9A1E7A4F7556}") = "LoggerService", "LoggerService\LoggerService.csproj", "{9A957D46-C918-4E5D-B6EB-B8F18538D920}"
EndProject
Project("{FAE04EC0-301F-11D3-BF4B-00C04F79EFBC}") = "UploadFilesService", "UploadFilesService\UploadFilesService.csproj", "{51662824-D446-4A9A-874C-1E39D4D5EC14}"
EndProject
Global
	GlobalSection(SolutionConfigurationPlatforms) = preSolution
		Debug|Any CPU = Debug|Any CPU
		Release|Any CPU = Release|Any CPU
	EndGlobalSection
	GlobalSection(ProjectConfigurationPlatforms) = postSolution
		{B1755026-DC3E-4DAE-9E37-011957F28311}.Debug|Any CPU.ActiveCfg = Debug|Any CPU
		{B1755026-DC3E-4DAE-9E37-011957F28311}.Debug|Any CPU.Build.0 = Debug|Any CPU
		{B1755026-DC3E-4DAE-9E37-011957F28311}.Release|Any CPU.ActiveCfg = Release|Any CPU
		{B1755026-DC3E-4DAE-9E37-011957F28311}.Release|Any CPU.Build.0 = Release|Any CPU
		{9A957D46-C918-4E5D-B6EB-B8F18538D920}.Debug|Any CPU.ActiveCfg = Debug|Any CPU
		{9A957D46-C918-4E5D-B6EB-B8F18538D920}.Debug|Any CPU.Build.0 = Debug|Any CPU
		{9A957D46-C918-4E5D-B6EB-B8F18538D920}.Release|Any CPU.ActiveCfg = Release|Any CPU
		{9A957D46-C918-4E5D-B6EB-B8F18538D920}.Release|Any CPU.Build.0 = Release|Any CPU
		{51662824-D446-4A9A-874C-1E39D4D5EC14}.Debug|Any CPU.ActiveCfg = Debug|Any CPU
		{51662824-D446-4A9A-874C-1E39D4D5EC14}.Debug|Any CPU.Build.0 = Debug|Any CPU
		{51662824-D446-4A9A-874C-1E39D4D5EC14}.Release|Any CPU.ActiveCfg = Release|Any CPU
		{51662824-D446-4A9A-874C-1E39D4D5EC14}.Release|Any CPU.Build.0 = Release|Any CPU
	EndGlobalSection
	GlobalSection(SolutionProperties) = preSolution
		HideSolutionNode = FALSE
	EndGlobalSection
	GlobalSection(ExtensibilityGlobals) = postSolution
		SolutionGuid = {524E9F38-35BD-4A4E-A0B3-2DF0957A1773}
	EndGlobalSection
EndGlobal
